
Microsoft Visual Studio Solution File, Format Version 12.00
# Visual Studio Version 17
VisualStudioVersion = 17.11.35312.102
MinimumVisualStudioVersion = 10.0.40219.1
Project("{FAE04EC0-301F-11D3-BF4B-00C04F79EFBC}") = "EventManagementSystem", "EventManagementSystem\EventManagementSystem.csproj", "{AE047132-811A-4A15-9345-030E95B1A449}"
EndProject
Global
	GlobalSection(SolutionConfigurationPlatforms) = preSolution
		Debug|Any CPU = Debug|Any CPU
		Release|Any CPU = Release|Any CPU
	EndGlobalSection
	GlobalSection(ProjectConfigurationPlatforms) = postSolution
		{AE047132-811A-4A15-9345-030E95B1A449}.Debug|Any CPU.ActiveCfg = Debug|Any CPU
		{AE047132-811A-4A15-9345-030E95B1A449}.Debug|Any CPU.Build.0 = Debug|Any CPU
		{AE047132-811A-4A15-9345-030E95B1A449}.Release|Any CPU.ActiveCfg = Release|Any CPU
		{AE047132-811A-4A15-9345-030E95B1A449}.Release|Any CPU.Build.0 = Release|Any CPU
	EndGlobalSection
	GlobalSection(SolutionProperties) = preSolution
		HideSolutionNode = FALSE
	EndGlobalSection
	GlobalSection(ExtensibilityGlobals) = postSolution
		SolutionGuid = {4618E68E-161C-45EB-A1DC-F61B43324CE7}
	EndGlobalSection
EndGlobal
